
Microsoft Visual Studio Solution File, Format Version 12.00
# Visual Studio 15
VisualStudioVersion = 15.0.28010.2026
MinimumVisualStudioVersion = 10.0.40219.1
Project("{FAE04EC0-301F-11D3-BF4B-00C04F79EFBC}") = "AdwantageOfCdn", "AdwantageOfCdn\AdwantageOfCdn.csproj", "{BCC5F2DC-2D70-4C71-88CA-5BBDD79DF269}"
EndProject
Global
	GlobalSection(SolutionConfigurationPlatforms) = preSolution
		Debug|Any CPU = Debug|Any CPU
		Release|Any CPU = Release|Any CPU
	EndGlobalSection
	GlobalSection(ProjectConfigurationPlatforms) = postSolution
		{BCC5F2DC-2D70-4C71-88CA-5BBDD79DF269}.Debug|Any CPU.ActiveCfg = Debug|Any CPU
		{BCC5F2DC-2D70-4C71-88CA-5BBDD79DF269}.Debug|Any CPU.Build.0 = Debug|Any CPU
		{BCC5F2DC-2D70-4C71-88CA-5BBDD79DF269}.Release|Any CPU.ActiveCfg = Release|Any CPU
		{BCC5F2DC-2D70-4C71-88CA-5BBDD79DF269}.Release|Any CPU.Build.0 = Release|Any CPU
	EndGlobalSection
	GlobalSection(SolutionProperties) = preSolution
		HideSolutionNode = FALSE
	EndGlobalSection
	GlobalSection(ExtensibilityGlobals) = postSolution
		SolutionGuid = {810CAF78-237F-4355-A3AF-358DD0CF964E}
	EndGlobalSection
EndGlobal
